// !$*UTF8*$!
{
	archiveVersion = 1;
	classes = {
	};
	objectVersion = 55;
	objects = {

/* Begin PBXBuildFile section */
		321CF1272885B59F005A13BB /* AnimalFactsApp.swift in Sources */ = {isa = PBXBuildFile; fileRef = 321CF1262885B59F005A13BB /* AnimalFactsApp.swift */; };
		321CF1292885B59F005A13BB /* CategoriesView.swift in Sources */ = {isa = PBXBuildFile; fileRef = 321CF1282885B59F005A13BB /* CategoriesView.swift */; };
		321CF12B2885B5A3005A13BB /* Assets.xcassets in Resources */ = {isa = PBXBuildFile; fileRef = 321CF12A2885B5A3005A13BB /* Assets.xcassets */; };
		321CF12E2885B5A3005A13BB /* Preview Assets.xcassets in Resources */ = {isa = PBXBuildFile; fileRef = 321CF12D2885B5A3005A13BB /* Preview Assets.xcassets */; };
		323D1E9B2885BF1300F3ABA1 /* View+onLoad.swift in Sources */ = {isa = PBXBuildFile; fileRef = 323D1E9A2885BF1300F3ABA1 /* View+onLoad.swift */; };
		323D1E9F2885BFF500F3ABA1 /* CategoryCellView.swift in Sources */ = {isa = PBXBuildFile; fileRef = 323D1E9E2885BFF500F3ABA1 /* CategoryCellView.swift */; };
		323D1EA22885C2C800F3ABA1 /* Kingfisher in Frameworks */ = {isa = PBXBuildFile; productRef = 323D1EA12885C2C800F3ABA1 /* Kingfisher */; };
		323D1EA52885C56B00F3ABA1 /* Device.swift in Sources */ = {isa = PBXBuildFile; fileRef = 323D1EA42885C56B00F3ABA1 /* Device.swift */; };
		323D1EA82885C62900F3ABA1 /* SelectableButtonStyle.swift in Sources */ = {isa = PBXBuildFile; fileRef = 323D1EA72885C62900F3ABA1 /* SelectableButtonStyle.swift */; };
		323D1EAA2885C74C00F3ABA1 /* Launch Screen.storyboard in Resources */ = {isa = PBXBuildFile; fileRef = 323D1EA92885C74C00F3ABA1 /* Launch Screen.storyboard */; };
		323D1EAC2885CA1A00F3ABA1 /* Color+custom.swift in Sources */ = {isa = PBXBuildFile; fileRef = 323D1EAB2885CA1A00F3ABA1 /* Color+custom.swift */; };
		323D1EAE2885CFA900F3ABA1 /* UINavigationController+backButton.swift in Sources */ = {isa = PBXBuildFile; fileRef = 323D1EAD2885CFA900F3ABA1 /* UINavigationController+backButton.swift */; };
		323D1EB42885D07B00F3ABA1 /* FactsView.swift in Sources */ = {isa = PBXBuildFile; fileRef = 323D1EB32885D07B00F3ABA1 /* FactsView.swift */; };
		323D1EB72885D44D00F3ABA1 /* FactCellView.swift in Sources */ = {isa = PBXBuildFile; fileRef = 323D1EB62885D44D00F3ABA1 /* FactCellView.swift */; };
		328E4F092885B7D6002C0354 /* ios-challenge-words-booster.json in Resources */ = {isa = PBXBuildFile; fileRef = 328E4F082885B7D6002C0354 /* ios-challenge-words-booster.json */; };
		328E4F0F2885B85D002C0354 /* Category.swift in Sources */ = {isa = PBXBuildFile; fileRef = 328E4F0E2885B85D002C0354 /* Category.swift */; };
		328E4F142885BC33002C0354 /* CategoriesViewModel.swift in Sources */ = {isa = PBXBuildFile; fileRef = 328E4F132885BC33002C0354 /* CategoriesViewModel.swift */; };
		32F1EC0028884432006D6262 /* AlertNavigator.swift in Sources */ = {isa = PBXBuildFile; fileRef = 32F1EBFF28884432006D6262 /* AlertNavigator.swift */; };
		32F1EC02288848CC006D6262 /* Fact.swift in Sources */ = {isa = PBXBuildFile; fileRef = 32F1EC01288848CC006D6262 /* Fact.swift */; };
		32F1EC042888495B006D6262 /* Status.swift in Sources */ = {isa = PBXBuildFile; fileRef = 32F1EC032888495B006D6262 /* Status.swift */; };
		32F1EC0D28886672006D6262 /* FavouriteCellView.swift in Sources */ = {isa = PBXBuildFile; fileRef = 32F1EC0C28886672006D6262 /* FavouriteCellView.swift */; };
/* End PBXBuildFile section */

/* Begin PBXFileReference section */
		321CF1232885B59F005A13BB /* AnimalFacts.app */ = {isa = PBXFileReference; explicitFileType = wrapper.application; includeInIndex = 0; path = AnimalFacts.app; sourceTree = BUILT_PRODUCTS_DIR; };
		321CF1262885B59F005A13BB /* AnimalFactsApp.swift */ = {isa = PBXFileReference; lastKnownFileType = sourcecode.swift; path = AnimalFactsApp.swift; sourceTree = "<group>"; };
		321CF1282885B59F005A13BB /* CategoriesView.swift */ = {isa = PBXFileReference; lastKnownFileType = sourcecode.swift; path = CategoriesView.swift; sourceTree = "<group>"; };
		321CF12A2885B5A3005A13BB /* Assets.xcassets */ = {isa = PBXFileReference; lastKnownFileType = folder.assetcatalog; path = Assets.xcassets; sourceTree = "<group>"; };
		321CF12D2885B5A3005A13BB /* Preview Assets.xcassets */ = {isa = PBXFileReference; lastKnownFileType = folder.assetcatalog; path = "Preview Assets.xcassets"; sourceTree = "<group>"; };
		323D1E9A2885BF1300F3ABA1 /* View+onLoad.swift */ = {isa = PBXFileReference; fileEncoding = 4; lastKnownFileType = sourcecode.swift; path = "View+onLoad.swift"; sourceTree = "<group>"; };
		323D1E9E2885BFF500F3ABA1 /* CategoryCellView.swift */ = {isa = PBXFileReference; lastKnownFileType = sourcecode.swift; path = CategoryCellView.swift; sourceTree = "<group>"; };
		323D1EA42885C56B00F3ABA1 /* Device.swift */ = {isa = PBXFileReference; lastKnownFileType = sourcecode.swift; path = Device.swift; sourceTree = "<group>"; };
		323D1EA72885C62900F3ABA1 /* SelectableButtonStyle.swift */ = {isa = PBXFileReference; lastKnownFileType = sourcecode.swift; path = SelectableButtonStyle.swift; sourceTree = "<group>"; };
		323D1EA92885C74C00F3ABA1 /* Launch Screen.storyboard */ = {isa = PBXFileReference; lastKnownFileType = file.storyboard; path = "Launch Screen.storyboard"; sourceTree = "<group>"; };
		323D1EAB2885CA1A00F3ABA1 /* Color+custom.swift */ = {isa = PBXFileReference; lastKnownFileType = sourcecode.swift; path = "Color+custom.swift"; sourceTree = "<group>"; };
		323D1EAD2885CFA900F3ABA1 /* UINavigationController+backButton.swift */ = {isa = PBXFileReference; fileEncoding = 4; lastKnownFileType = sourcecode.swift; path = "UINavigationController+backButton.swift"; sourceTree = "<group>"; };
		323D1EB32885D07B00F3ABA1 /* FactsView.swift */ = {isa = PBXFileReference; lastKnownFileType = sourcecode.swift; path = FactsView.swift; sourceTree = "<group>"; };
		323D1EB62885D44D00F3ABA1 /* FactCellView.swift */ = {isa = PBXFileReference; lastKnownFileType = sourcecode.swift; path = FactCellView.swift; sourceTree = "<group>"; };
		328E4F082885B7D6002C0354 /* ios-challenge-words-booster.json */ = {isa = PBXFileReference; fileEncoding = 4; lastKnownFileType = text.json; path = "ios-challenge-words-booster.json"; sourceTree = "<group>"; };
		328E4F0E2885B85D002C0354 /* Category.swift */ = {isa = PBXFileReference; lastKnownFileType = sourcecode.swift; path = Category.swift; sourceTree = "<group>"; };
		328E4F132885BC33002C0354 /* CategoriesViewModel.swift */ = {isa = PBXFileReference; lastKnownFileType = sourcecode.swift; path = CategoriesViewModel.swift; sourceTree = "<group>"; };
		32F1EBFF28884432006D6262 /* AlertNavigator.swift */ = {isa = PBXFileReference; lastKnownFileType = sourcecode.swift; path = AlertNavigator.swift; sourceTree = "<group>"; };
		32F1EC01288848CC006D6262 /* Fact.swift */ = {isa = PBXFileReference; lastKnownFileType = sourcecode.swift; path = Fact.swift; sourceTree = "<group>"; };
		32F1EC032888495B006D6262 /* Status.swift */ = {isa = PBXFileReference; lastKnownFileType = sourcecode.swift; path = Status.swift; sourceTree = "<group>"; };
		32F1EC0C28886672006D6262 /* FavouriteCellView.swift */ = {isa = PBXFileReference; lastKnownFileType = sourcecode.swift; path = FavouriteCellView.swift; sourceTree = "<group>"; };
/* End PBXFileReference section */

/* Begin PBXFrameworksBuildPhase section */
		321CF1202885B59F005A13BB /* Frameworks */ = {
			isa = PBXFrameworksBuildPhase;
			buildActionMask = 2147483647;
			files = (
				323D1EA22885C2C800F3ABA1 /* Kingfisher in Frameworks */,
			);
			runOnlyForDeploymentPostprocessing = 0;
		};
/* End PBXFrameworksBuildPhase section */

/* Begin PBXGroup section */
		321CF11A2885B59F005A13BB = {
			isa = PBXGroup;
			children = (
				321CF1252885B59F005A13BB /* AnimalFacts */,
				321CF1242885B59F005A13BB /* Products */,
			);
			sourceTree = "<group>";
		};
		321CF1242885B59F005A13BB /* Products */ = {
			isa = PBXGroup;
			children = (
				321CF1232885B59F005A13BB /* AnimalFacts.app */,
			);
			name = Products;
			sourceTree = "<group>";
		};
		321CF1252885B59F005A13BB /* AnimalFacts */ = {
			isa = PBXGroup;
			children = (
				321CF1262885B59F005A13BB /* AnimalFactsApp.swift */,
				328E4F152885BD4E002C0354 /* Shared */,
				328E4F0A2885B7E6002C0354 /* Categories */,
				323D1EAF2885D05E00F3ABA1 /* Facts */,
				328E4F072885B7C0002C0354 /* Resources */,
				321CF12C2885B5A3005A13BB /* Preview Content */,
			);
			path = AnimalFacts;
			sourceTree = "<group>";
		};
		321CF12C2885B5A3005A13BB /* Preview Content */ = {
			isa = PBXGroup;
			children = (
				321CF12D2885B5A3005A13BB /* Preview Assets.xcassets */,
			);
			path = "Preview Content";
			sourceTree = "<group>";
		};
		323D1E9C2885BFD900F3ABA1 /* Cell */ = {
			isa = PBXGroup;
			children = (
				323D1E9E2885BFF500F3ABA1 /* CategoryCellView.swift */,
				32F1EC0C28886672006D6262 /* FavouriteCellView.swift */,
			);
			path = Cell;
			sourceTree = "<group>";
		};
		323D1EA32885C56100F3ABA1 /* Helpers */ = {
			isa = PBXGroup;
			children = (
				323D1EA42885C56B00F3ABA1 /* Device.swift */,
			);
			path = Helpers;
			sourceTree = "<group>";
		};
		323D1EA62885C5D200F3ABA1 /* Custom UI */ = {
			isa = PBXGroup;
			children = (
				323D1EA72885C62900F3ABA1 /* SelectableButtonStyle.swift */,
			);
			path = "Custom UI";
			sourceTree = "<group>";
		};
		323D1EAF2885D05E00F3ABA1 /* Facts */ = {
			isa = PBXGroup;
			children = (
				323D1EB22885D06900F3ABA1 /* Model */,
				323D1EB12885D06800F3ABA1 /* View */,
				323D1EB02885D06600F3ABA1 /* ViewModel */,
			);
			path = Facts;
			sourceTree = "<group>";
		};
		323D1EB02885D06600F3ABA1 /* ViewModel */ = {
			isa = PBXGroup;
			children = (
			);
			path = ViewModel;
			sourceTree = "<group>";
		};
		323D1EB12885D06800F3ABA1 /* View */ = {
			isa = PBXGroup;
			children = (
				323D1EB52885D43100F3ABA1 /* Subviews */,
				323D1EB32885D07B00F3ABA1 /* FactsView.swift */,
			);
			path = View;
			sourceTree = "<group>";
		};
		323D1EB22885D06900F3ABA1 /* Model */ = {
			isa = PBXGroup;
			children = (
			);
			path = Model;
			sourceTree = "<group>";
		};
		323D1EB52885D43100F3ABA1 /* Subviews */ = {
			isa = PBXGroup;
			children = (
				323D1EB62885D44D00F3ABA1 /* FactCellView.swift */,
			);
			path = Subviews;
			sourceTree = "<group>";
		};
		328E4F072885B7C0002C0354 /* Resources */ = {
			isa = PBXGroup;
			children = (
				321CF12A2885B5A3005A13BB /* Assets.xcassets */,
				323D1EA92885C74C00F3ABA1 /* Launch Screen.storyboard */,
				328E4F082885B7D6002C0354 /* ios-challenge-words-booster.json */,
			);
			path = Resources;
			sourceTree = "<group>";
		};
		328E4F0A2885B7E6002C0354 /* Categories */ = {
			isa = PBXGroup;
			children = (
				328E4F0C2885B802002C0354 /* Model */,
				328E4F0B2885B7F7002C0354 /* View */,
				328E4F0D2885B80D002C0354 /* ViewModel */,
			);
			path = Categories;
			sourceTree = "<group>";
		};
		328E4F0B2885B7F7002C0354 /* View */ = {
			isa = PBXGroup;
			children = (
				32F1EBFE28884426006D6262 /* Model */,
				323D1E9C2885BFD900F3ABA1 /* Cell */,
				321CF1282885B59F005A13BB /* CategoriesView.swift */,
			);
			path = View;
			sourceTree = "<group>";
		};
		328E4F0C2885B802002C0354 /* Model */ = {
			isa = PBXGroup;
			children = (
				328E4F0E2885B85D002C0354 /* Category.swift */,
				32F1EC01288848CC006D6262 /* Fact.swift */,
				32F1EC032888495B006D6262 /* Status.swift */,
			);
			path = Model;
			sourceTree = "<group>";
		};
		328E4F0D2885B80D002C0354 /* ViewModel */ = {
			isa = PBXGroup;
			children = (
				328E4F132885BC33002C0354 /* CategoriesViewModel.swift */,
			);
			path = ViewModel;
			sourceTree = "<group>";
		};
		328E4F152885BD4E002C0354 /* Shared */ = {
			isa = PBXGroup;
			children = (
				323D1EA62885C5D200F3ABA1 /* Custom UI */,
				323D1EA32885C56100F3ABA1 /* Helpers */,
				328E4F162885BD51002C0354 /* Extensions */,
			);
			path = Shared;
			sourceTree = "<group>";
		};
		328E4F162885BD51002C0354 /* Extensions */ = {
			isa = PBXGroup;
			children = (
				323D1E9A2885BF1300F3ABA1 /* View+onLoad.swift */,
				323D1EAB2885CA1A00F3ABA1 /* Color+custom.swift */,
				323D1EAD2885CFA900F3ABA1 /* UINavigationController+backButton.swift */,
			);
			path = Extensions;
			sourceTree = "<group>";
		};
		32F1EBFE28884426006D6262 /* Model */ = {
			isa = PBXGroup;
			children = (
				32F1EBFF28884432006D6262 /* AlertNavigator.swift */,
			);
			path = Model;
			sourceTree = "<group>";
		};
/* End PBXGroup section */

/* Begin PBXNativeTarget section */
		321CF1222885B59F005A13BB /* AnimalFacts */ = {
			isa = PBXNativeTarget;
			buildConfigurationList = 321CF1312885B5A3005A13BB /* Build configuration list for PBXNativeTarget "AnimalFacts" */;
			buildPhases = (
				321CF11F2885B59F005A13BB /* Sources */,
				321CF1202885B59F005A13BB /* Frameworks */,
				321CF1212885B59F005A13BB /* Resources */,
			);
			buildRules = (
			);
			dependencies = (
			);
			name = AnimalFacts;
			packageProductDependencies = (
				323D1EA12885C2C800F3ABA1 /* Kingfisher */,
			);
			productName = AnimalFacts;
			productReference = 321CF1232885B59F005A13BB /* AnimalFacts.app */;
			productType = "com.apple.product-type.application";
		};
/* End PBXNativeTarget section */

/* Begin PBXProject section */
		321CF11B2885B59F005A13BB /* Project object */ = {
			isa = PBXProject;
			attributes = {
				BuildIndependentTargetsInParallel = 1;
				LastSwiftUpdateCheck = 1340;
				LastUpgradeCheck = 1340;
				TargetAttributes = {
					321CF1222885B59F005A13BB = {
						CreatedOnToolsVersion = 13.4.1;
					};
				};
			};
			buildConfigurationList = 321CF11E2885B59F005A13BB /* Build configuration list for PBXProject "AnimalFacts" */;
			compatibilityVersion = "Xcode 13.0";
			developmentRegion = en;
			hasScannedForEncodings = 0;
			knownRegions = (
				en,
				Base,
			);
			mainGroup = 321CF11A2885B59F005A13BB;
			packageReferences = (
				323D1EA02885C2C800F3ABA1 /* XCRemoteSwiftPackageReference "Kingfisher" */,
			);
			productRefGroup = 321CF1242885B59F005A13BB /* Products */;
			projectDirPath = "";
			projectRoot = "";
			targets = (
				321CF1222885B59F005A13BB /* AnimalFacts */,
			);
		};
/* End PBXProject section */

/* Begin PBXResourcesBuildPhase section */
		321CF1212885B59F005A13BB /* Resources */ = {
			isa = PBXResourcesBuildPhase;
			buildActionMask = 2147483647;
			files = (
				321CF12E2885B5A3005A13BB /* Preview Assets.xcassets in Resources */,
				328E4F092885B7D6002C0354 /* ios-challenge-words-booster.json in Resources */,
				323D1EAA2885C74C00F3ABA1 /* Launch Screen.storyboard in Resources */,
				321CF12B2885B5A3005A13BB /* Assets.xcassets in Resources */,
			);
			runOnlyForDeploymentPostprocessing = 0;
		};
/* End PBXResourcesBuildPhase section */

/* Begin PBXSourcesBuildPhase section */
		321CF11F2885B59F005A13BB /* Sources */ = {
			isa = PBXSourcesBuildPhase;
			buildActionMask = 2147483647;
			files = (
				321CF1292885B59F005A13BB /* CategoriesView.swift in Sources */,
				321CF1272885B59F005A13BB /* AnimalFactsApp.swift in Sources */,
				32F1EC0D28886672006D6262 /* FavouriteCellView.swift in Sources */,
				323D1EAE2885CFA900F3ABA1 /* UINavigationController+backButton.swift in Sources */,
				328E4F142885BC33002C0354 /* CategoriesViewModel.swift in Sources */,
				32F1EC0028884432006D6262 /* AlertNavigator.swift in Sources */,
				323D1E9B2885BF1300F3ABA1 /* View+onLoad.swift in Sources */,
				323D1E9F2885BFF500F3ABA1 /* CategoryCellView.swift in Sources */,
				323D1EB72885D44D00F3ABA1 /* FactCellView.swift in Sources */,
				323D1EA52885C56B00F3ABA1 /* Device.swift in Sources */,
				328E4F0F2885B85D002C0354 /* Category.swift in Sources */,
				323D1EAC2885CA1A00F3ABA1 /* Color+custom.swift in Sources */,
				32F1EC042888495B006D6262 /* Status.swift in Sources */,
				32F1EC02288848CC006D6262 /* Fact.swift in Sources */,
				323D1EB42885D07B00F3ABA1 /* FactsView.swift in Sources */,
				323D1EA82885C62900F3ABA1 /* SelectableButtonStyle.swift in Sources */,
			);
			runOnlyForDeploymentPostprocessing = 0;
		};
/* End PBXSourcesBuildPhase section */

/* Begin XCBuildConfiguration section */
		321CF12F2885B5A3005A13BB /* Debug */ = {
			isa = XCBuildConfiguration;
			buildSettings = {
				ALWAYS_SEARCH_USER_PATHS = NO;
				CLANG_ANALYZER_NONNULL = YES;
				CLANG_ANALYZER_NUMBER_OBJECT_CONVERSION = YES_AGGRESSIVE;
				CLANG_CXX_LANGUAGE_STANDARD = "gnu++17";
				CLANG_ENABLE_MODULES = YES;
				CLANG_ENABLE_OBJC_ARC = YES;
				CLANG_ENABLE_OBJC_WEAK = YES;
				CLANG_WARN_BLOCK_CAPTURE_AUTORELEASING = YES;
				CLANG_WARN_BOOL_CONVERSION = YES;
				CLANG_WARN_COMMA = YES;
				CLANG_WARN_CONSTANT_CONVERSION = YES;
				CLANG_WARN_DEPRECATED_OBJC_IMPLEMENTATIONS = YES;
				CLANG_WARN_DIRECT_OBJC_ISA_USAGE = YES_ERROR;
				CLANG_WARN_DOCUMENTATION_COMMENTS = YES;
				CLANG_WARN_EMPTY_BODY = YES;
				CLANG_WARN_ENUM_CONVERSION = YES;
				CLANG_WARN_INFINITE_RECURSION = YES;
				CLANG_WARN_INT_CONVERSION = YES;
				CLANG_WARN_NON_LITERAL_NULL_CONVERSION = YES;
				CLANG_WARN_OBJC_IMPLICIT_RETAIN_SELF = YES;
				CLANG_WARN_OBJC_LITERAL_CONVERSION = YES;
				CLANG_WARN_OBJC_ROOT_CLASS = YES_ERROR;
				CLANG_WARN_QUOTED_INCLUDE_IN_FRAMEWORK_HEADER = YES;
				CLANG_WARN_RANGE_LOOP_ANALYSIS = YES;
				CLANG_WARN_STRICT_PROTOTYPES = YES;
				CLANG_WARN_SUSPICIOUS_MOVE = YES;
				CLANG_WARN_UNGUARDED_AVAILABILITY = YES_AGGRESSIVE;
				CLANG_WARN_UNREACHABLE_CODE = YES;
				CLANG_WARN__DUPLICATE_METHOD_MATCH = YES;
				COPY_PHASE_STRIP = NO;
				DEBUG_INFORMATION_FORMAT = dwarf;
				ENABLE_STRICT_OBJC_MSGSEND = YES;
				ENABLE_TESTABILITY = YES;
				GCC_C_LANGUAGE_STANDARD = gnu11;
				GCC_DYNAMIC_NO_PIC = NO;
				GCC_NO_COMMON_BLOCKS = YES;
				GCC_OPTIMIZATION_LEVEL = 0;
				GCC_PREPROCESSOR_DEFINITIONS = (
					"DEBUG=1",
					"$(inherited)",
				);
				GCC_WARN_64_TO_32_BIT_CONVERSION = YES;
				GCC_WARN_ABOUT_RETURN_TYPE = YES_ERROR;
				GCC_WARN_UNDECLARED_SELECTOR = YES;
				GCC_WARN_UNINITIALIZED_AUTOS = YES_AGGRESSIVE;
				GCC_WARN_UNUSED_FUNCTION = YES;
				GCC_WARN_UNUSED_VARIABLE = YES;
				IPHONEOS_DEPLOYMENT_TARGET = 14.0;
				MTL_ENABLE_DEBUG_INFO = INCLUDE_SOURCE;
				MTL_FAST_MATH = YES;
				ONLY_ACTIVE_ARCH = YES;
				SDKROOT = iphoneos;
				SWIFT_ACTIVE_COMPILATION_CONDITIONS = DEBUG;
				SWIFT_OPTIMIZATION_LEVEL = "-Onone";
			};
			name = Debug;
		};
		321CF1302885B5A3005A13BB /* Release */ = {
			isa = XCBuildConfiguration;
			buildSettings = {
				ALWAYS_SEARCH_USER_PATHS = NO;
				CLANG_ANALYZER_NONNULL = YES;
				CLANG_ANALYZER_NUMBER_OBJECT_CONVERSION = YES_AGGRESSIVE;
				CLANG_CXX_LANGUAGE_STANDARD = "gnu++17";
				CLANG_ENABLE_MODULES = YES;
				CLANG_ENABLE_OBJC_ARC = YES;
				CLANG_ENABLE_OBJC_WEAK = YES;
				CLANG_WARN_BLOCK_CAPTURE_AUTORELEASING = YES;
				CLANG_WARN_BOOL_CONVERSION = YES;
				CLANG_WARN_COMMA = YES;
				CLANG_WARN_CONSTANT_CONVERSION = YES;
				CLANG_WARN_DEPRECATED_OBJC_IMPLEMENTATIONS = YES;
				CLANG_WARN_DIRECT_OBJC_ISA_USAGE = YES_ERROR;
				CLANG_WARN_DOCUMENTATION_COMMENTS = YES;
				CLANG_WARN_EMPTY_BODY = YES;
				CLANG_WARN_ENUM_CONVERSION = YES;
				CLANG_WARN_INFINITE_RECURSION = YES;
				CLANG_WARN_INT_CONVERSION = YES;
				CLANG_WARN_NON_LITERAL_NULL_CONVERSION = YES;
				CLANG_WARN_OBJC_IMPLICIT_RETAIN_SELF = YES;
				CLANG_WARN_OBJC_LITERAL_CONVERSION = YES;
				CLANG_WARN_OBJC_ROOT_CLASS = YES_ERROR;
				CLANG_WARN_QUOTED_INCLUDE_IN_FRAMEWORK_HEADER = YES;
				CLANG_WARN_RANGE_LOOP_ANALYSIS = YES;
				CLANG_WARN_STRICT_PROTOTYPES = YES;
				CLANG_WARN_SUSPICIOUS_MOVE = YES;
				CLANG_WARN_UNGUARDED_AVAILABILITY = YES_AGGRESSIVE;
				CLANG_WARN_UNREACHABLE_CODE = YES;
				CLANG_WARN__DUPLICATE_METHOD_MATCH = YES;
				COPY_PHASE_STRIP = NO;
				DEBUG_INFORMATION_FORMAT = "dwarf-with-dsym";
				ENABLE_NS_ASSERTIONS = NO;
				ENABLE_STRICT_OBJC_MSGSEND = YES;
				GCC_C_LANGUAGE_STANDARD = gnu11;
				GCC_NO_COMMON_BLOCKS = YES;
				GCC_WARN_64_TO_32_BIT_CONVERSION = YES;
				GCC_WARN_ABOUT_RETURN_TYPE = YES_ERROR;
				GCC_WARN_UNDECLARED_SELECTOR = YES;
				GCC_WARN_UNINITIALIZED_AUTOS = YES_AGGRESSIVE;
				GCC_WARN_UNUSED_FUNCTION = YES;
				GCC_WARN_UNUSED_VARIABLE = YES;
				IPHONEOS_DEPLOYMENT_TARGET = 14.0;
				MTL_ENABLE_DEBUG_INFO = NO;
				MTL_FAST_MATH = YES;
				SDKROOT = iphoneos;
				SWIFT_COMPILATION_MODE = wholemodule;
				SWIFT_OPTIMIZATION_LEVEL = "-O";
				VALIDATE_PRODUCT = YES;
			};
			name = Release;
		};
		321CF1322885B5A3005A13BB /* Debug */ = {
			isa = XCBuildConfiguration;
			buildSettings = {
				ASSETCATALOG_COMPILER_APPICON_NAME = AppIcon;
				ASSETCATALOG_COMPILER_GLOBAL_ACCENT_COLOR_NAME = AccentColor;
				CODE_SIGN_STYLE = Automatic;
				CURRENT_PROJECT_VERSION = 1;
				DEVELOPMENT_ASSET_PATHS = "\"AnimalFacts/Preview Content\"";
				DEVELOPMENT_TEAM = 7RCT4GHCWV;
				ENABLE_PREVIEWS = YES;
				GENERATE_INFOPLIST_FILE = YES;
				INFOPLIST_KEY_UIApplicationSceneManifest_Generation = YES;
				INFOPLIST_KEY_UIApplicationSupportsIndirectInputEvents = YES;
				INFOPLIST_KEY_UILaunchScreen_Generation = YES;
				INFOPLIST_KEY_UILaunchStoryboardName = "Launch Screen";
				INFOPLIST_KEY_UISupportedInterfaceOrientations = UIInterfaceOrientationPortrait;
				INFOPLIST_KEY_UISupportedInterfaceOrientations_iPad = "UIInterfaceOrientationPortrait UIInterfaceOrientationPortraitUpsideDown UIInterfaceOrientationLandscapeLeft UIInterfaceOrientationLandscapeRight";
				INFOPLIST_KEY_UISupportedInterfaceOrientations_iPhone = "UIInterfaceOrientationPortrait UIInterfaceOrientationLandscapeLeft UIInterfaceOrientationLandscapeRight";
				INFOPLIST_KEY_UIUserInterfaceStyle = Light;
				IPHONEOS_DEPLOYMENT_TARGET = 14.0;
				LD_RUNPATH_SEARCH_PATHS = (
					"$(inherited)",
					"@executable_path/Frameworks",
				);
				MARKETING_VERSION = 1.0;
				PRODUCT_BUNDLE_IDENTIFIER = com.krbiz.AnimalFacts;
				PRODUCT_NAME = "$(TARGET_NAME)";
				SWIFT_EMIT_LOC_STRINGS = YES;
				SWIFT_VERSION = 5.0;
				TARGETED_DEVICE_FAMILY = 1;
			};
			name = Debug;
		};
		321CF1332885B5A3005A13BB /* Release */ = {
			isa = XCBuildConfiguration;
			buildSettings = {
				ASSETCATALOG_COMPILER_APPICON_NAME = AppIcon;
				ASSETCATALOG_COMPILER_GLOBAL_ACCENT_COLOR_NAME = AccentColor;
				CODE_SIGN_STYLE = Automatic;
				CURRENT_PROJECT_VERSION = 1;
				DEVELOPMENT_ASSET_PATHS = "\"AnimalFacts/Preview Content\"";
				DEVELOPMENT_TEAM = 7RCT4GHCWV;
				ENABLE_PREVIEWS = YES;
				GENERATE_INFOPLIST_FILE = YES;
				INFOPLIST_KEY_UIApplicationSceneManifest_Generation = YES;
				INFOPLIST_KEY_UIApplicationSupportsIndirectInputEvents = YES;
				INFOPLIST_KEY_UILaunchScreen_Generation = YES;
				INFOPLIST_KEY_UILaunchStoryboardName = "Launch Screen";
				INFOPLIST_KEY_UISupportedInterfaceOrientations = UIInterfaceOrientationPortrait;
				INFOPLIST_KEY_UISupportedInterfaceOrientations_iPad = "UIInterfaceOrientationPortrait UIInterfaceOrientationPortraitUpsideDown UIInterfaceOrientationLandscapeLeft UIInterfaceOrientationLandscapeRight";
				INFOPLIST_KEY_UISupportedInterfaceOrientations_iPhone = "UIInterfaceOrientationPortrait UIInterfaceOrientationLandscapeLeft UIInterfaceOrientationLandscapeRight";
				INFOPLIST_KEY_UIUserInterfaceStyle = Light;
				IPHONEOS_DEPLOYMENT_TARGET = 14.0;
				LD_RUNPATH_SEARCH_PATHS = (
					"$(inherited)",
					"@executable_path/Frameworks",
				);
				MARKETING_VERSION = 1.0;
				PRODUCT_BUNDLE_IDENTIFIER = com.krbiz.AnimalFacts;
				PRODUCT_NAME = "$(TARGET_NAME)";
				SWIFT_EMIT_LOC_STRINGS = YES;
				SWIFT_VERSION = 5.0;
				TARGETED_DEVICE_FAMILY = 1;
			};
			name = Release;
		};
/* End XCBuildConfiguration section */

/* Begin XCConfigurationList section */
		321CF11E2885B59F005A13BB /* Build configuration list for PBXProject "AnimalFacts" */ = {
			isa = XCConfigurationList;
			buildConfigurations = (
				321CF12F2885B5A3005A13BB /* Debug */,
				321CF1302885B5A3005A13BB /* Release */,
			);
			defaultConfigurationIsVisible = 0;
			defaultConfigurationName = Release;
		};
		321CF1312885B5A3005A13BB /* Build configuration list for PBXNativeTarget "AnimalFacts" */ = {
			isa = XCConfigurationList;
			buildConfigurations = (
				321CF1322885B5A3005A13BB /* Debug */,
				321CF1332885B5A3005A13BB /* Release */,
			);
			defaultConfigurationIsVisible = 0;
			defaultConfigurationName = Release;
		};
/* End XCConfigurationList section */

/* Begin XCRemoteSwiftPackageReference section */
		323D1EA02885C2C800F3ABA1 /* XCRemoteSwiftPackageReference "Kingfisher" */ = {
			isa = XCRemoteSwiftPackageReference;
			repositoryURL = "https://github.com/onevcat/Kingfisher";
			requirement = {
				kind = upToNextMajorVersion;
				minimumVersion = 7.0.0;
			};
		};
/* End XCRemoteSwiftPackageReference section */

/* Begin XCSwiftPackageProductDependency section */
		323D1EA12885C2C800F3ABA1 /* Kingfisher */ = {
			isa = XCSwiftPackageProductDependency;
			package = 323D1EA02885C2C800F3ABA1 /* XCRemoteSwiftPackageReference "Kingfisher" */;
			productName = Kingfisher;
		};
/* End XCSwiftPackageProductDependency section */
	};
	rootObject = 321CF11B2885B59F005A13BB /* Project object */;
}
